
Microsoft Visual Studio Solution File, Format Version 12.00
# Visual Studio Version 17
VisualStudioVersion = 17.0.32112.339
MinimumVisualStudioVersion = 10.0.40219.1
Project("{FAE04EC0-301F-11D3-BF4B-00C04F79EFBC}") = "WebCRUDMVC", "WebCRUDMVC\WebCRUDMVC.csproj", "{ECCC7307-AFD7-4A38-8A90-41E2C27CCD70}"
EndProject
Global
	GlobalSection(SolutionConfigurationPlatforms) = preSolution
		Debug|Any CPU = Debug|Any CPU
		Release|Any CPU = Release|Any CPU
	EndGlobalSection
	GlobalSection(ProjectConfigurationPlatforms) = postSolution
		{ECCC7307-AFD7-4A38-8A90-41E2C27CCD70}.Debug|Any CPU.ActiveCfg = Debug|Any CPU
		{ECCC7307-AFD7-4A38-8A90-41E2C27CCD70}.Debug|Any CPU.Build.0 = Debug|Any CPU
		{ECCC7307-AFD7-4A38-8A90-41E2C27CCD70}.Release|Any CPU.ActiveCfg = Release|Any CPU
		{ECCC7307-AFD7-4A38-8A90-41E2C27CCD70}.Release|Any CPU.Build.0 = Release|Any CPU
	EndGlobalSection
	GlobalSection(SolutionProperties) = preSolution
		HideSolutionNode = FALSE
	EndGlobalSection
	GlobalSection(ExtensibilityGlobals) = postSolution
		SolutionGuid = {35A2EA90-45D2-450D-B08C-449508BB4DF5}
	EndGlobalSection
EndGlobal
